
Microsoft Visual Studio Solution File, Format Version 12.00
# Visual Studio 15
VisualStudioVersion = 15.0.28010.2036
MinimumVisualStudioVersion = 10.0.40219.1
Project("{FAE04EC0-301F-11D3-BF4B-00C04F79EFBC}") = "PaymentGateway", "PaymentGateway\PaymentGateway.csproj", "{998DEEBE-C0D5-4ABA-B506-8C3079087902}"
EndProject
Global
	GlobalSection(SolutionConfigurationPlatforms) = preSolution
		Debug|Any CPU = Debug|Any CPU
		Release|Any CPU = Release|Any CPU
	EndGlobalSection
	GlobalSection(ProjectConfigurationPlatforms) = postSolution
		{998DEEBE-C0D5-4ABA-B506-8C3079087902}.Debug|Any CPU.ActiveCfg = Debug|Any CPU
		{998DEEBE-C0D5-4ABA-B506-8C3079087902}.Debug|Any CPU.Build.0 = Debug|Any CPU
		{998DEEBE-C0D5-4ABA-B506-8C3079087902}.Release|Any CPU.ActiveCfg = Release|Any CPU
		{998DEEBE-C0D5-4ABA-B506-8C3079087902}.Release|Any CPU.Build.0 = Release|Any CPU
	EndGlobalSection
	GlobalSection(SolutionProperties) = preSolution
		HideSolutionNode = FALSE
	EndGlobalSection
	GlobalSection(ExtensibilityGlobals) = postSolution
		SolutionGuid = {7930A056-4FA8-4643-ABD4-6D418D3F4DF5}
	EndGlobalSection
EndGlobal
